
Microsoft Visual Studio Solution File, Format Version 12.00
# Visual Studio 2012
Project("{2150E333-8FDC-42A3-9474-1A3956D46DE8}") = "UI", "UI", "{04AA1AEE-71FB-4C7E-ACE0-F16E1C149DA7}"
EndProject
Project("{FAE04EC0-301F-11D3-BF4B-00C04F79EFBC}") = "BankVanBreda.Online.UI.Phone", "Be.BankVanBreda.Online.UI.Phone\BankVanBreda.Online.UI.Phone.csproj", "{634C6972-4DB0-4BC8-9874-15B83C21000C}"
EndProject
Project("{FAE04EC0-301F-11D3-BF4B-00C04F79EFBC}") = "BankVanBreda.Online.UI.Phone.Android", "Be.BankVanBreda.Online.UI.Phone.Android\BankVanBreda.Online.UI.Phone.Android.csproj", "{9C9356A5-6F22-49D6-BD60-512027597BC3}"
EndProject
Project("{FAE04EC0-301F-11D3-BF4B-00C04F79EFBC}") = "BankVanBreda.Online.UI.Phone.IOS", "Be.BankVanBreda.Online.UI.Phone.IOS\BankVanBreda.Online.UI.Phone.IOS.csproj", "{A1ACCC7C-F0DD-4172-8AB3-C31E5C3577D3}"
EndProject
Global
	GlobalSection(SolutionConfigurationPlatforms) = preSolution
		Debug|Any CPU = Debug|Any CPU
		Release|Any CPU = Release|Any CPU
		Debug|iPhoneSimulator = Debug|iPhoneSimulator
		Release|iPhone = Release|iPhone
		Release|iPhoneSimulator = Release|iPhoneSimulator
		Debug|iPhone = Debug|iPhone
		PreProduction|Any CPU = PreProduction|Any CPU
		PreProduction|iPhoneSimulator = PreProduction|iPhoneSimulator
		PreProduction|iPhone = PreProduction|iPhone
	EndGlobalSection
	GlobalSection(ProjectConfigurationPlatforms) = postSolution
		{634C6972-4DB0-4BC8-9874-15B83C21000C}.Debug|Any CPU.ActiveCfg = Debug|Any CPU
		{634C6972-4DB0-4BC8-9874-15B83C21000C}.Debug|Any CPU.Build.0 = Debug|Any CPU
		{634C6972-4DB0-4BC8-9874-15B83C21000C}.Debug|iPhone.ActiveCfg = Debug|Any CPU
		{634C6972-4DB0-4BC8-9874-15B83C21000C}.Debug|iPhone.Build.0 = Debug|Any CPU
		{634C6972-4DB0-4BC8-9874-15B83C21000C}.Debug|iPhoneSimulator.ActiveCfg = Debug|Any CPU
		{634C6972-4DB0-4BC8-9874-15B83C21000C}.Debug|iPhoneSimulator.Build.0 = Debug|Any CPU
		{634C6972-4DB0-4BC8-9874-15B83C21000C}.PreProduction|Any CPU.ActiveCfg = PreProduction|Any CPU
		{634C6972-4DB0-4BC8-9874-15B83C21000C}.PreProduction|Any CPU.Build.0 = PreProduction|Any CPU
		{634C6972-4DB0-4BC8-9874-15B83C21000C}.PreProduction|iPhone.ActiveCfg = PreProduction|iPhone
		{634C6972-4DB0-4BC8-9874-15B83C21000C}.PreProduction|iPhone.Build.0 = PreProduction|iPhone
		{634C6972-4DB0-4BC8-9874-15B83C21000C}.PreProduction|iPhoneSimulator.ActiveCfg = PreProduction|iPhoneSimulator
		{634C6972-4DB0-4BC8-9874-15B83C21000C}.PreProduction|iPhoneSimulator.Build.0 = PreProduction|iPhoneSimulator
		{634C6972-4DB0-4BC8-9874-15B83C21000C}.Release|Any CPU.ActiveCfg = Release|Any CPU
		{634C6972-4DB0-4BC8-9874-15B83C21000C}.Release|Any CPU.Build.0 = Release|Any CPU
		{634C6972-4DB0-4BC8-9874-15B83C21000C}.Release|iPhone.ActiveCfg = Release|Any CPU
		{634C6972-4DB0-4BC8-9874-15B83C21000C}.Release|iPhone.Build.0 = Release|Any CPU
		{634C6972-4DB0-4BC8-9874-15B83C21000C}.Release|iPhoneSimulator.ActiveCfg = Release|Any CPU
		{634C6972-4DB0-4BC8-9874-15B83C21000C}.Release|iPhoneSimulator.Build.0 = Release|Any CPU
		{9C9356A5-6F22-49D6-BD60-512027597BC3}.Debug|Any CPU.ActiveCfg = Debug|Any CPU
		{9C9356A5-6F22-49D6-BD60-512027597BC3}.Debug|Any CPU.Build.0 = Debug|Any CPU
		{9C9356A5-6F22-49D6-BD60-512027597BC3}.Debug|iPhone.ActiveCfg = Debug|Any CPU
		{9C9356A5-6F22-49D6-BD60-512027597BC3}.Debug|iPhone.Build.0 = Debug|Any CPU
		{9C9356A5-6F22-49D6-BD60-512027597BC3}.Debug|iPhoneSimulator.ActiveCfg = Debug|Any CPU
		{9C9356A5-6F22-49D6-BD60-512027597BC3}.Debug|iPhoneSimulator.Build.0 = Debug|Any CPU
		{9C9356A5-6F22-49D6-BD60-512027597BC3}.PreProduction|Any CPU.ActiveCfg = PreProduction|Any CPU
		{9C9356A5-6F22-49D6-BD60-512027597BC3}.PreProduction|Any CPU.Build.0 = PreProduction|Any CPU
		{9C9356A5-6F22-49D6-BD60-512027597BC3}.PreProduction|iPhone.ActiveCfg = PreProduction|iPhone
		{9C9356A5-6F22-49D6-BD60-512027597BC3}.PreProduction|iPhone.Build.0 = PreProduction|iPhone
		{9C9356A5-6F22-49D6-BD60-512027597BC3}.PreProduction|iPhoneSimulator.ActiveCfg = PreProduction|iPhoneSimulator
		{9C9356A5-6F22-49D6-BD60-512027597BC3}.PreProduction|iPhoneSimulator.Build.0 = PreProduction|iPhoneSimulator
		{9C9356A5-6F22-49D6-BD60-512027597BC3}.Release|Any CPU.ActiveCfg = Release|Any CPU
		{9C9356A5-6F22-49D6-BD60-512027597BC3}.Release|Any CPU.Build.0 = Release|Any CPU
		{9C9356A5-6F22-49D6-BD60-512027597BC3}.Release|iPhone.ActiveCfg = Release|Any CPU
		{9C9356A5-6F22-49D6-BD60-512027597BC3}.Release|iPhone.Build.0 = Release|Any CPU
		{9C9356A5-6F22-49D6-BD60-512027597BC3}.Release|iPhoneSimulator.ActiveCfg = Release|Any CPU
		{9C9356A5-6F22-49D6-BD60-512027597BC3}.Release|iPhoneSimulator.Build.0 = Release|Any CPU
		{A1ACCC7C-F0DD-4172-8AB3-C31E5C3577D3}.Debug|Any CPU.ActiveCfg = Debug|iPhoneSimulator
		{A1ACCC7C-F0DD-4172-8AB3-C31E5C3577D3}.Debug|Any CPU.Build.0 = Debug|iPhoneSimulator
		{A1ACCC7C-F0DD-4172-8AB3-C31E5C3577D3}.Debug|iPhone.ActiveCfg = Debug|iPhone
		{A1ACCC7C-F0DD-4172-8AB3-C31E5C3577D3}.Debug|iPhone.Build.0 = Debug|iPhone
		{A1ACCC7C-F0DD-4172-8AB3-C31E5C3577D3}.Debug|iPhoneSimulator.ActiveCfg = Debug|iPhoneSimulator
		{A1ACCC7C-F0DD-4172-8AB3-C31E5C3577D3}.Debug|iPhoneSimulator.Build.0 = Debug|iPhoneSimulator
		{A1ACCC7C-F0DD-4172-8AB3-C31E5C3577D3}.PreProduction|Any CPU.ActiveCfg = PreProduction|Any CPU
		{A1ACCC7C-F0DD-4172-8AB3-C31E5C3577D3}.PreProduction|Any CPU.Build.0 = PreProduction|Any CPU
		{A1ACCC7C-F0DD-4172-8AB3-C31E5C3577D3}.PreProduction|iPhone.ActiveCfg = PreProduction|iPhone
		{A1ACCC7C-F0DD-4172-8AB3-C31E5C3577D3}.PreProduction|iPhone.Build.0 = PreProduction|iPhone
		{A1ACCC7C-F0DD-4172-8AB3-C31E5C3577D3}.PreProduction|iPhoneSimulator.ActiveCfg = PreProduction|iPhoneSimulator
		{A1ACCC7C-F0DD-4172-8AB3-C31E5C3577D3}.PreProduction|iPhoneSimulator.Build.0 = PreProduction|iPhoneSimulator
		{A1ACCC7C-F0DD-4172-8AB3-C31E5C3577D3}.Release|Any CPU.ActiveCfg = Release|iPhone
		{A1ACCC7C-F0DD-4172-8AB3-C31E5C3577D3}.Release|Any CPU.Build.0 = Release|iPhone
		{A1ACCC7C-F0DD-4172-8AB3-C31E5C3577D3}.Release|iPhone.ActiveCfg = Release|iPhone
		{A1ACCC7C-F0DD-4172-8AB3-C31E5C3577D3}.Release|iPhone.Build.0 = Release|iPhone
		{A1ACCC7C-F0DD-4172-8AB3-C31E5C3577D3}.Release|iPhoneSimulator.ActiveCfg = Release|iPhoneSimulator
		{A1ACCC7C-F0DD-4172-8AB3-C31E5C3577D3}.Release|iPhoneSimulator.Build.0 = Release|iPhoneSimulator
	EndGlobalSection
	GlobalSection(NestedProjects) = preSolution
		{634C6972-4DB0-4BC8-9874-15B83C21000C} = {04AA1AEE-71FB-4C7E-ACE0-F16E1C149DA7}
		{9C9356A5-6F22-49D6-BD60-512027597BC3} = {04AA1AEE-71FB-4C7E-ACE0-F16E1C149DA7}
		{A1ACCC7C-F0DD-4172-8AB3-C31E5C3577D3} = {04AA1AEE-71FB-4C7E-ACE0-F16E1C149DA7}
	EndGlobalSection
EndGlobal
